
Microsoft Visual Studio Solution File, Format Version 12.00
# Visual Studio Version 16
VisualStudioVersion = 16.0.30114.105
MinimumVisualStudioVersion = 10.0.40219.1
Project("{FAE04EC0-301F-11D3-BF4B-00C04F79EFBC}") = "NutMonitor", "NutMonitor\NutMonitor.csproj", "{F60CA902-9F81-4C36-A05A-EC6A679D2B36}"
EndProject
Global
	GlobalSection(SolutionConfigurationPlatforms) = preSolution
		Debug|Any CPU = Debug|Any CPU
		Release|Any CPU = Release|Any CPU
	EndGlobalSection
	GlobalSection(ProjectConfigurationPlatforms) = postSolution
		{F60CA902-9F81-4C36-A05A-EC6A679D2B36}.Debug|Any CPU.ActiveCfg = Debug|Any CPU
		{F60CA902-9F81-4C36-A05A-EC6A679D2B36}.Debug|Any CPU.Build.0 = Debug|Any CPU
		{F60CA902-9F81-4C36-A05A-EC6A679D2B36}.Release|Any CPU.ActiveCfg = Release|Any CPU
		{F60CA902-9F81-4C36-A05A-EC6A679D2B36}.Release|Any CPU.Build.0 = Release|Any CPU
	EndGlobalSection
	GlobalSection(SolutionProperties) = preSolution
		HideSolutionNode = FALSE
	EndGlobalSection
	GlobalSection(ExtensibilityGlobals) = postSolution
		SolutionGuid = {C7113603-622E-40E0-91FA-9E70548AE87A}
	EndGlobalSection
EndGlobal
